// !$*UTF8*$!
{
	archiveVersion = 1;
	classes = {
	};
	objectVersion = 52;
	objects = {

/* Begin PBXBuildFile section */
		8C5166EE24F5A5AA00CAD239 /* ApplicationRootViewController.swift in Sources */ = {isa = PBXBuildFile; fileRef = 8C5166ED24F5A5AA00CAD239 /* ApplicationRootViewController.swift */; };
		8C5166F424F5A61200CAD239 /* CenterViewController.swift in Sources */ = {isa = PBXBuildFile; fileRef = 8C5166F224F5A61100CAD239 /* CenterViewController.swift */; };
		8C5166F524F5A61200CAD239 /* Center.storyboard in Resources */ = {isa = PBXBuildFile; fileRef = 8C5166F324F5A61200CAD239 /* Center.storyboard */; };
		8C5166FA24F5A67700CAD239 /* Left.storyboard in Resources */ = {isa = PBXBuildFile; fileRef = 8C5166F624F5A67700CAD239 /* Left.storyboard */; };
		8C5166FB24F5A67700CAD239 /* Other.storyboard in Resources */ = {isa = PBXBuildFile; fileRef = 8C5166F724F5A67700CAD239 /* Other.storyboard */; };
		8C5166FC24F5A67700CAD239 /* OtherViewController.swift in Sources */ = {isa = PBXBuildFile; fileRef = 8C5166F824F5A67700CAD239 /* OtherViewController.swift */; };
		8C5166FD24F5A67700CAD239 /* LeftViewController.swift in Sources */ = {isa = PBXBuildFile; fileRef = 8C5166F924F5A67700CAD239 /* LeftViewController.swift */; };
		8C5166FF24F5A70600CAD239 /* DrawerMenu in Frameworks */ = {isa = PBXBuildFile; productRef = 8C5166FE24F5A70600CAD239 /* DrawerMenu */; };
		8C82E42624F5A1970057E4F9 /* AppDelegate.swift in Sources */ = {isa = PBXBuildFile; fileRef = 8C82E42524F5A1970057E4F9 /* AppDelegate.swift */; };
		8C82E42824F5A1970057E4F9 /* SceneDelegate.swift in Sources */ = {isa = PBXBuildFile; fileRef = 8C82E42724F5A1970057E4F9 /* SceneDelegate.swift */; };
		8C82E42A24F5A1970057E4F9 /* ViewController.swift in Sources */ = {isa = PBXBuildFile; fileRef = 8C82E42924F5A1970057E4F9 /* ViewController.swift */; };
		8C82E42D24F5A1970057E4F9 /* Main.storyboard in Resources */ = {isa = PBXBuildFile; fileRef = 8C82E42B24F5A1970057E4F9 /* Main.storyboard */; };
		8C82E42F24F5A1970057E4F9 /* ContentView.swift in Sources */ = {isa = PBXBuildFile; fileRef = 8C82E42E24F5A1970057E4F9 /* ContentView.swift */; };
		8C82E43124F5A1980057E4F9 /* Assets.xcassets in Resources */ = {isa = PBXBuildFile; fileRef = 8C82E43024F5A1980057E4F9 /* Assets.xcassets */; };
		8C82E43424F5A1980057E4F9 /* LaunchScreen.storyboard in Resources */ = {isa = PBXBuildFile; fileRef = 8C82E43224F5A1980057E4F9 /* LaunchScreen.storyboard */; };
/* End PBXBuildFile section */

/* Begin PBXFileReference section */
		8C5166EC24F5A22000CAD239 /* DrawerMenu */ = {isa = PBXFileReference; lastKnownFileType = folder; name = DrawerMenu; path = ../DrawerMenu; sourceTree = "<group>"; };
		8C5166ED24F5A5AA00CAD239 /* ApplicationRootViewController.swift */ = {isa = PBXFileReference; lastKnownFileType = sourcecode.swift; path = ApplicationRootViewController.swift; sourceTree = "<group>"; };
		8C5166F224F5A61100CAD239 /* CenterViewController.swift */ = {isa = PBXFileReference; fileEncoding = 4; lastKnownFileType = sourcecode.swift; path = CenterViewController.swift; sourceTree = "<group>"; };
		8C5166F324F5A61200CAD239 /* Center.storyboard */ = {isa = PBXFileReference; fileEncoding = 4; lastKnownFileType = file.storyboard; path = Center.storyboard; sourceTree = "<group>"; };
		8C5166F624F5A67700CAD239 /* Left.storyboard */ = {isa = PBXFileReference; fileEncoding = 4; lastKnownFileType = file.storyboard; path = Left.storyboard; sourceTree = "<group>"; };
		8C5166F724F5A67700CAD239 /* Other.storyboard */ = {isa = PBXFileReference; fileEncoding = 4; lastKnownFileType = file.storyboard; path = Other.storyboard; sourceTree = "<group>"; };
		8C5166F824F5A67700CAD239 /* OtherViewController.swift */ = {isa = PBXFileReference; fileEncoding = 4; lastKnownFileType = sourcecode.swift; path = OtherViewController.swift; sourceTree = "<group>"; };
		8C5166F924F5A67700CAD239 /* LeftViewController.swift */ = {isa = PBXFileReference; fileEncoding = 4; lastKnownFileType = sourcecode.swift; path = LeftViewController.swift; sourceTree = "<group>"; };
		8C82E42224F5A1970057E4F9 /* Example.app */ = {isa = PBXFileReference; explicitFileType = wrapper.application; includeInIndex = 0; path = Example.app; sourceTree = BUILT_PRODUCTS_DIR; };
		8C82E42524F5A1970057E4F9 /* AppDelegate.swift */ = {isa = PBXFileReference; lastKnownFileType = sourcecode.swift; path = AppDelegate.swift; sourceTree = "<group>"; };
		8C82E42724F5A1970057E4F9 /* SceneDelegate.swift */ = {isa = PBXFileReference; lastKnownFileType = sourcecode.swift; path = SceneDelegate.swift; sourceTree = "<group>"; };
		8C82E42924F5A1970057E4F9 /* ViewController.swift */ = {isa = PBXFileReference; lastKnownFileType = sourcecode.swift; path = ViewController.swift; sourceTree = "<group>"; };
		8C82E42C24F5A1970057E4F9 /* Base */ = {isa = PBXFileReference; lastKnownFileType = file.storyboard; name = Base; path = Base.lproj/Main.storyboard; sourceTree = "<group>"; };
		8C82E42E24F5A1970057E4F9 /* ContentView.swift */ = {isa = PBXFileReference; lastKnownFileType = sourcecode.swift; path = ContentView.swift; sourceTree = "<group>"; };
		8C82E43024F5A1980057E4F9 /* Assets.xcassets */ = {isa = PBXFileReference; lastKnownFileType = folder.assetcatalog; path = Assets.xcassets; sourceTree = "<group>"; };
		8C82E43324F5A1980057E4F9 /* Base */ = {isa = PBXFileReference; lastKnownFileType = file.storyboard; name = Base; path = Base.lproj/LaunchScreen.storyboard; sourceTree = "<group>"; };
		8C82E43524F5A1980057E4F9 /* Info.plist */ = {isa = PBXFileReference; lastKnownFileType = text.plist.xml; path = Info.plist; sourceTree = "<group>"; };
/* End PBXFileReference section */

/* Begin PBXFrameworksBuildPhase section */
		8C82E41F24F5A1970057E4F9 /* Frameworks */ = {
			isa = PBXFrameworksBuildPhase;
			buildActionMask = 2147483647;
			files = (
				8C5166FF24F5A70600CAD239 /* DrawerMenu in Frameworks */,
			);
			runOnlyForDeploymentPostprocessing = 0;
		};
/* End PBXFrameworksBuildPhase section */

/* Begin PBXGroup section */
		8C5166EF24F5A5C500CAD239 /* Frameworks */ = {
			isa = PBXGroup;
			children = (
			);
			name = Frameworks;
			sourceTree = "<group>";
		};
		8C82E41924F5A1970057E4F9 = {
			isa = PBXGroup;
			children = (
				8C5166EC24F5A22000CAD239 /* DrawerMenu */,
				8C82E42424F5A1970057E4F9 /* Example */,
				8C82E42324F5A1970057E4F9 /* Products */,
				8C5166EF24F5A5C500CAD239 /* Frameworks */,
			);
			sourceTree = "<group>";
		};
		8C82E42324F5A1970057E4F9 /* Products */ = {
			isa = PBXGroup;
			children = (
				8C82E42224F5A1970057E4F9 /* Example.app */,
			);
			name = Products;
			sourceTree = "<group>";
		};
		8C82E42424F5A1970057E4F9 /* Example */ = {
			isa = PBXGroup;
			children = (
				8C5166F624F5A67700CAD239 /* Left.storyboard */,
				8C5166F924F5A67700CAD239 /* LeftViewController.swift */,
				8C5166F724F5A67700CAD239 /* Other.storyboard */,
				8C5166F824F5A67700CAD239 /* OtherViewController.swift */,
				8C5166F324F5A61200CAD239 /* Center.storyboard */,
				8C5166F224F5A61100CAD239 /* CenterViewController.swift */,
				8C82E42524F5A1970057E4F9 /* AppDelegate.swift */,
				8C82E42724F5A1970057E4F9 /* SceneDelegate.swift */,
				8C82E42924F5A1970057E4F9 /* ViewController.swift */,
				8C82E42B24F5A1970057E4F9 /* Main.storyboard */,
				8C82E42E24F5A1970057E4F9 /* ContentView.swift */,
				8C82E43024F5A1980057E4F9 /* Assets.xcassets */,
				8C82E43224F5A1980057E4F9 /* LaunchScreen.storyboard */,
				8C82E43524F5A1980057E4F9 /* Info.plist */,
				8C5166ED24F5A5AA00CAD239 /* ApplicationRootViewController.swift */,
			);
			path = Example;
			sourceTree = "<group>";
		};
/* End PBXGroup section */

/* Begin PBXNativeTarget section */
		8C82E42124F5A1970057E4F9 /* Example */ = {
			isa = PBXNativeTarget;
			buildConfigurationList = 8C82E43824F5A1980057E4F9 /* Build configuration list for PBXNativeTarget "Example" */;
			buildPhases = (
				8C82E41E24F5A1970057E4F9 /* Sources */,
				8C82E41F24F5A1970057E4F9 /* Frameworks */,
				8C82E42024F5A1970057E4F9 /* Resources */,
			);
			buildRules = (
			);
			dependencies = (
			);
			name = Example;
			packageProductDependencies = (
				8C5166FE24F5A70600CAD239 /* DrawerMenu */,
			);
			productName = Example;
			productReference = 8C82E42224F5A1970057E4F9 /* Example.app */;
			productType = "com.apple.product-type.application";
		};
/* End PBXNativeTarget section */

/* Begin PBXProject section */
		8C82E41A24F5A1970057E4F9 /* Project object */ = {
			isa = PBXProject;
			attributes = {
				LastSwiftUpdateCheck = 1200;
				LastUpgradeCheck = 1200;
				TargetAttributes = {
					8C82E42124F5A1970057E4F9 = {
						CreatedOnToolsVersion = 12.0;
					};
				};
			};
			buildConfigurationList = 8C82E41D24F5A1970057E4F9 /* Build configuration list for PBXProject "Example" */;
			compatibilityVersion = "Xcode 9.3";
			developmentRegion = en;
			hasScannedForEncodings = 0;
			knownRegions = (
				en,
				Base,
			);
			mainGroup = 8C82E41924F5A1970057E4F9;
			productRefGroup = 8C82E42324F5A1970057E4F9 /* Products */;
			projectDirPath = "";
			projectRoot = "";
			targets = (
				8C82E42124F5A1970057E4F9 /* Example */,
			);
		};
/* End PBXProject section */

/* Begin PBXResourcesBuildPhase section */
		8C82E42024F5A1970057E4F9 /* Resources */ = {
			isa = PBXResourcesBuildPhase;
			buildActionMask = 2147483647;
			files = (
				8C82E43424F5A1980057E4F9 /* LaunchScreen.storyboard in Resources */,
				8C5166F524F5A61200CAD239 /* Center.storyboard in Resources */,
				8C82E43124F5A1980057E4F9 /* Assets.xcassets in Resources */,
				8C5166FA24F5A67700CAD239 /* Left.storyboard in Resources */,
				8C82E42D24F5A1970057E4F9 /* Main.storyboard in Resources */,
				8C5166FB24F5A67700CAD239 /* Other.storyboard in Resources */,
			);
			runOnlyForDeploymentPostprocessing = 0;
		};
/* End PBXResourcesBuildPhase section */

/* Begin PBXSourcesBuildPhase section */
		8C82E41E24F5A1970057E4F9 /* Sources */ = {
			isa = PBXSourcesBuildPhase;
			buildActionMask = 2147483647;
			files = (
				8C5166EE24F5A5AA00CAD239 /* ApplicationRootViewController.swift in Sources */,
				8C82E42A24F5A1970057E4F9 /* ViewController.swift in Sources */,
				8C5166FC24F5A67700CAD239 /* OtherViewController.swift in Sources */,
				8C82E42624F5A1970057E4F9 /* AppDelegate.swift in Sources */,
				8C5166F424F5A61200CAD239 /* CenterViewController.swift in Sources */,
				8C5166FD24F5A67700CAD239 /* LeftViewController.swift in Sources */,
				8C82E42F24F5A1970057E4F9 /* ContentView.swift in Sources */,
				8C82E42824F5A1970057E4F9 /* SceneDelegate.swift in Sources */,
			);
			runOnlyForDeploymentPostprocessing = 0;
		};
/* End PBXSourcesBuildPhase section */

/* Begin PBXVariantGroup section */
		8C82E42B24F5A1970057E4F9 /* Main.storyboard */ = {
			isa = PBXVariantGroup;
			children = (
				8C82E42C24F5A1970057E4F9 /* Base */,
			);
			name = Main.storyboard;
			sourceTree = "<group>";
		};
		8C82E43224F5A1980057E4F9 /* LaunchScreen.storyboard */ = {
			isa = PBXVariantGroup;
			children = (
				8C82E43324F5A1980057E4F9 /* Base */,
			);
			name = LaunchScreen.storyboard;
			sourceTree = "<group>";
		};
/* End PBXVariantGroup section */

/* Begin XCBuildConfiguration section */
		8C82E43624F5A1980057E4F9 /* Debug */ = {
			isa = XCBuildConfiguration;
			buildSettings = {
				ALWAYS_SEARCH_USER_PATHS = NO;
				CLANG_ANALYZER_NONNULL = YES;
				CLANG_ANALYZER_NUMBER_OBJECT_CONVERSION = YES_AGGRESSIVE;
				CLANG_CXX_LANGUAGE_STANDARD = "gnu++14";
				CLANG_CXX_LIBRARY = "libc++";
				CLANG_ENABLE_MODULES = YES;
				CLANG_ENABLE_OBJC_ARC = YES;
				CLANG_ENABLE_OBJC_WEAK = YES;
				CLANG_WARN_BLOCK_CAPTURE_AUTORELEASING = YES;
				CLANG_WARN_BOOL_CONVERSION = YES;
				CLANG_WARN_COMMA = YES;
				CLANG_WARN_CONSTANT_CONVERSION = YES;
				CLANG_WARN_DEPRECATED_OBJC_IMPLEMENTATIONS = YES;
				CLANG_WARN_DIRECT_OBJC_ISA_USAGE = YES_ERROR;
				CLANG_WARN_DOCUMENTATION_COMMENTS = YES;
				CLANG_WARN_EMPTY_BODY = YES;
				CLANG_WARN_ENUM_CONVERSION = YES;
				CLANG_WARN_INFINITE_RECURSION = YES;
				CLANG_WARN_INT_CONVERSION = YES;
				CLANG_WARN_NON_LITERAL_NULL_CONVERSION = YES;
				CLANG_WARN_OBJC_IMPLICIT_RETAIN_SELF = YES;
				CLANG_WARN_OBJC_LITERAL_CONVERSION = YES;
				CLANG_WARN_OBJC_ROOT_CLASS = YES_ERROR;
				CLANG_WARN_QUOTED_INCLUDE_IN_FRAMEWORK_HEADER = YES;
				CLANG_WARN_RANGE_LOOP_ANALYSIS = YES;
				CLANG_WARN_STRICT_PROTOTYPES = YES;
				CLANG_WARN_SUSPICIOUS_MOVE = YES;
				CLANG_WARN_UNGUARDED_AVAILABILITY = YES_AGGRESSIVE;
				CLANG_WARN_UNREACHABLE_CODE = YES;
				CLANG_WARN__DUPLICATE_METHOD_MATCH = YES;
				COPY_PHASE_STRIP = NO;
				DEBUG_INFORMATION_FORMAT = dwarf;
				ENABLE_STRICT_OBJC_MSGSEND = YES;
				ENABLE_TESTABILITY = YES;
				GCC_C_LANGUAGE_STANDARD = gnu11;
				GCC_DYNAMIC_NO_PIC = NO;
				GCC_NO_COMMON_BLOCKS = YES;
				GCC_OPTIMIZATION_LEVEL = 0;
				GCC_PREPROCESSOR_DEFINITIONS = (
					"DEBUG=1",
					"$(inherited)",
				);
				GCC_WARN_64_TO_32_BIT_CONVERSION = YES;
				GCC_WARN_ABOUT_RETURN_TYPE = YES_ERROR;
				GCC_WARN_UNDECLARED_SELECTOR = YES;
				GCC_WARN_UNINITIALIZED_AUTOS = YES_AGGRESSIVE;
				GCC_WARN_UNUSED_FUNCTION = YES;
				GCC_WARN_UNUSED_VARIABLE = YES;
				IPHONEOS_DEPLOYMENT_TARGET = 13.0;
				MTL_ENABLE_DEBUG_INFO = INCLUDE_SOURCE;
				MTL_FAST_MATH = YES;
				ONLY_ACTIVE_ARCH = YES;
				SDKROOT = iphoneos;
				SWIFT_ACTIVE_COMPILATION_CONDITIONS = DEBUG;
				SWIFT_OPTIMIZATION_LEVEL = "-Onone";
			};
			name = Debug;
		};
		8C82E43724F5A1980057E4F9 /* Release */ = {
			isa = XCBuildConfiguration;
			buildSettings = {
				ALWAYS_SEARCH_USER_PATHS = NO;
				CLANG_ANALYZER_NONNULL = YES;
				CLANG_ANALYZER_NUMBER_OBJECT_CONVERSION = YES_AGGRESSIVE;
				CLANG_CXX_LANGUAGE_STANDARD = "gnu++14";
				CLANG_CXX_LIBRARY = "libc++";
				CLANG_ENABLE_MODULES = YES;
				CLANG_ENABLE_OBJC_ARC = YES;
				CLANG_ENABLE_OBJC_WEAK = YES;
				CLANG_WARN_BLOCK_CAPTURE_AUTORELEASING = YES;
				CLANG_WARN_BOOL_CONVERSION = YES;
				CLANG_WARN_COMMA = YES;
				CLANG_WARN_CONSTANT_CONVERSION = YES;
				CLANG_WARN_DEPRECATED_OBJC_IMPLEMENTATIONS = YES;
				CLANG_WARN_DIRECT_OBJC_ISA_USAGE = YES_ERROR;
				CLANG_WARN_DOCUMENTATION_COMMENTS = YES;
				CLANG_WARN_EMPTY_BODY = YES;
				CLANG_WARN_ENUM_CONVERSION = YES;
				CLANG_WARN_INFINITE_RECURSION = YES;
				CLANG_WARN_INT_CONVERSION = YES;
				CLANG_WARN_NON_LITERAL_NULL_CONVERSION = YES;
				CLANG_WARN_OBJC_IMPLICIT_RETAIN_SELF = YES;
				CLANG_WARN_OBJC_LITERAL_CONVERSION = YES;
				CLANG_WARN_OBJC_ROOT_CLASS = YES_ERROR;
				CLANG_WARN_QUOTED_INCLUDE_IN_FRAMEWORK_HEADER = YES;
				CLANG_WARN_RANGE_LOOP_ANALYSIS = YES;
				CLANG_WARN_STRICT_PROTOTYPES = YES;
				CLANG_WARN_SUSPICIOUS_MOVE = YES;
				CLANG_WARN_UNGUARDED_AVAILABILITY = YES_AGGRESSIVE;
				CLANG_WARN_UNREACHABLE_CODE = YES;
				CLANG_WARN__DUPLICATE_METHOD_MATCH = YES;
				COPY_PHASE_STRIP = NO;
				DEBUG_INFORMATION_FORMAT = "dwarf-with-dsym";
				ENABLE_NS_ASSERTIONS = NO;
				ENABLE_STRICT_OBJC_MSGSEND = YES;
				GCC_C_LANGUAGE_STANDARD = gnu11;
				GCC_NO_COMMON_BLOCKS = YES;
				GCC_WARN_64_TO_32_BIT_CONVERSION = YES;
				GCC_WARN_ABOUT_RETURN_TYPE = YES_ERROR;
				GCC_WARN_UNDECLARED_SELECTOR = YES;
				GCC_WARN_UNINITIALIZED_AUTOS = YES_AGGRESSIVE;
				GCC_WARN_UNUSED_FUNCTION = YES;
				GCC_WARN_UNUSED_VARIABLE = YES;
				IPHONEOS_DEPLOYMENT_TARGET = 13.0;
				MTL_ENABLE_DEBUG_INFO = NO;
				MTL_FAST_MATH = YES;
				SDKROOT = iphoneos;
				SWIFT_COMPILATION_MODE = wholemodule;
				SWIFT_OPTIMIZATION_LEVEL = "-O";
				VALIDATE_PRODUCT = YES;
			};
			name = Release;
		};
		8C82E43924F5A1980057E4F9 /* Debug */ = {
			isa = XCBuildConfiguration;
			buildSettings = {
				ASSETCATALOG_COMPILER_APPICON_NAME = AppIcon;
				ASSETCATALOG_COMPILER_GLOBAL_ACCENT_COLOR_NAME = AccentColor;
				CODE_SIGN_STYLE = Automatic;
				INFOPLIST_FILE = Example/Info.plist;
				LD_RUNPATH_SEARCH_PATHS = (
					"$(inherited)",
					"@executable_path/Frameworks",
				);
				PRODUCT_BUNDLE_IDENTIFIER = com.smith.brandene.DrawerMenu.Example;
				PRODUCT_NAME = "$(TARGET_NAME)";
				SWIFT_VERSION = 5.0;
				TARGETED_DEVICE_FAMILY = "1,2";
			};
			name = Debug;
		};
		8C82E43A24F5A1980057E4F9 /* Release */ = {
			isa = XCBuildConfiguration;
			buildSettings = {
				ASSETCATALOG_COMPILER_APPICON_NAME = AppIcon;
				ASSETCATALOG_COMPILER_GLOBAL_ACCENT_COLOR_NAME = AccentColor;
				CODE_SIGN_STYLE = Automatic;
				INFOPLIST_FILE = Example/Info.plist;
				LD_RUNPATH_SEARCH_PATHS = (
					"$(inherited)",
					"@executable_path/Frameworks",
				);
				PRODUCT_BUNDLE_IDENTIFIER = com.smith.brandene.DrawerMenu.Example;
				PRODUCT_NAME = "$(TARGET_NAME)";
				SWIFT_VERSION = 5.0;
				TARGETED_DEVICE_FAMILY = "1,2";
			};
			name = Release;
		};
/* End XCBuildConfiguration section */

/* Begin XCConfigurationList section */
		8C82E41D24F5A1970057E4F9 /* Build configuration list for PBXProject "Example" */ = {
			isa = XCConfigurationList;
			buildConfigurations = (
				8C82E43624F5A1980057E4F9 /* Debug */,
				8C82E43724F5A1980057E4F9 /* Release */,
			);
			defaultConfigurationIsVisible = 0;
			defaultConfigurationName = Release;
		};
		8C82E43824F5A1980057E4F9 /* Build configuration list for PBXNativeTarget "Example" */ = {
			isa = XCConfigurationList;
			buildConfigurations = (
				8C82E43924F5A1980057E4F9 /* Debug */,
				8C82E43A24F5A1980057E4F9 /* Release */,
			);
			defaultConfigurationIsVisible = 0;
			defaultConfigurationName = Release;
		};
/* End XCConfigurationList section */

/* Begin XCSwiftPackageProductDependency section */
		8C5166FE24F5A70600CAD239 /* DrawerMenu */ = {
			isa = XCSwiftPackageProductDependency;
			productName = DrawerMenu;
		};
/* End XCSwiftPackageProductDependency section */
	};
	rootObject = 8C82E41A24F5A1970057E4F9 /* Project object */;
}
