{
  "object": {
    "pins": [
      {
        "package": "DrawerMenu",
        "repositoryURL": "git@github.com:brandenesmith/DrawerMenu.git",
        "state": {
          "branch": "master",
          "revision": "1bf7e471177768ce9f7c1e3dbb376aa5fac360ed",
          "version": null
        }
      }
    ]
  },
  "version": 1
}
