{
  "object": {
    "pins": [
      {
        "package": "DrawerMenu",
        "repositoryURL": "git@github.com:brandenesmith/DrawerMenu.git",
        "state": {
          "branch": "feature/AddSPMSupport",
          "revision": "40cc5b7c2800964e6e95650d974da64c5d7ce1d7",
          "version": null
        }
      }
    ]
  },
  "version": 1
}
